
Microsoft Visual Studio Solution File, Format Version 12.00
# Visual Studio Version 17
VisualStudioVersion = 17.2.32616.157
MinimumVisualStudioVersion = 10.0.40219.1
Project("{9A19103F-16F7-4668-BE54-9A1E7A4F7556}") = "BeginEntityFramework", "BeginEntityFramework\BeginEntityFramework.csproj", "{0E57D53A-1BD7-464A-804C-C5602B8CC554}"
EndProject
Project("{9A19103F-16F7-4668-BE54-9A1E7A4F7556}") = "CitiesCountriesView", "CityCountriesView\CitiesCountriesView.csproj", "{A0C0B655-0DB4-4942-AEC6-2A50E53E6970}"
EndProject
Project("{9A19103F-16F7-4668-BE54-9A1E7A4F7556}") = "WinFormsShop", "WinFormsShop\WinFormsShop.csproj", "{E28A232B-7D23-4033-BDA5-AC8141597FF2}"
EndProject
Project("{FAE04EC0-301F-11D3-BF4B-00C04F79EFBC}") = "EmailSendLib", "EmailSendLib\EmailSendLib.csproj", "{3AFAA19C-354D-4158-838E-7B536ED341E8}"
EndProject
Global
	GlobalSection(SolutionConfigurationPlatforms) = preSolution
		Debug|Any CPU = Debug|Any CPU
		Release|Any CPU = Release|Any CPU
	EndGlobalSection
	GlobalSection(ProjectConfigurationPlatforms) = postSolution
		{0E57D53A-1BD7-464A-804C-C5602B8CC554}.Debug|Any CPU.ActiveCfg = Debug|Any CPU
		{0E57D53A-1BD7-464A-804C-C5602B8CC554}.Debug|Any CPU.Build.0 = Debug|Any CPU
		{0E57D53A-1BD7-464A-804C-C5602B8CC554}.Release|Any CPU.ActiveCfg = Release|Any CPU
		{0E57D53A-1BD7-464A-804C-C5602B8CC554}.Release|Any CPU.Build.0 = Release|Any CPU
		{A0C0B655-0DB4-4942-AEC6-2A50E53E6970}.Debug|Any CPU.ActiveCfg = Debug|Any CPU
		{A0C0B655-0DB4-4942-AEC6-2A50E53E6970}.Debug|Any CPU.Build.0 = Debug|Any CPU
		{A0C0B655-0DB4-4942-AEC6-2A50E53E6970}.Release|Any CPU.ActiveCfg = Release|Any CPU
		{A0C0B655-0DB4-4942-AEC6-2A50E53E6970}.Release|Any CPU.Build.0 = Release|Any CPU
		{E28A232B-7D23-4033-BDA5-AC8141597FF2}.Debug|Any CPU.ActiveCfg = Debug|Any CPU
		{E28A232B-7D23-4033-BDA5-AC8141597FF2}.Debug|Any CPU.Build.0 = Debug|Any CPU
		{E28A232B-7D23-4033-BDA5-AC8141597FF2}.Release|Any CPU.ActiveCfg = Release|Any CPU
		{E28A232B-7D23-4033-BDA5-AC8141597FF2}.Release|Any CPU.Build.0 = Release|Any CPU
		{3AFAA19C-354D-4158-838E-7B536ED341E8}.Debug|Any CPU.ActiveCfg = Debug|Any CPU
		{3AFAA19C-354D-4158-838E-7B536ED341E8}.Debug|Any CPU.Build.0 = Debug|Any CPU
		{3AFAA19C-354D-4158-838E-7B536ED341E8}.Release|Any CPU.ActiveCfg = Release|Any CPU
		{3AFAA19C-354D-4158-838E-7B536ED341E8}.Release|Any CPU.Build.0 = Release|Any CPU
	EndGlobalSection
	GlobalSection(SolutionProperties) = preSolution
		HideSolutionNode = FALSE
	EndGlobalSection
	GlobalSection(ExtensibilityGlobals) = postSolution
		SolutionGuid = {9E160E7E-5468-4CC8-A8EC-03A328C2106B}
	EndGlobalSection
EndGlobal
